
Microsoft Visual Studio Solution File, Format Version 12.00
# Visual Studio Version 17
VisualStudioVersion = 17.5.002.0
MinimumVisualStudioVersion = 10.0.40219.1
Project("{9A19103F-16F7-4668-BE54-9A1E7A4F7556}") = "Speedshard_Sprint", "Speedshard_Sprint.csproj", "{8AEC515D-FEB7-48A9-BE18-28A8BA2F72F3}"
EndProject
Global
	GlobalSection(SolutionConfigurationPlatforms) = preSolution
		Debug|Any CPU = Debug|Any CPU
		Release|Any CPU = Release|Any CPU
	EndGlobalSection
	GlobalSection(ProjectConfigurationPlatforms) = postSolution
		{8AEC515D-FEB7-48A9-BE18-28A8BA2F72F3}.Debug|Any CPU.ActiveCfg = Debug|Any CPU
		{8AEC515D-FEB7-48A9-BE18-28A8BA2F72F3}.Debug|Any CPU.Build.0 = Debug|Any CPU
		{8AEC515D-FEB7-48A9-BE18-28A8BA2F72F3}.Release|Any CPU.ActiveCfg = Release|Any CPU
		{8AEC515D-FEB7-48A9-BE18-28A8BA2F72F3}.Release|Any CPU.Build.0 = Release|Any CPU
	EndGlobalSection
	GlobalSection(SolutionProperties) = preSolution
		HideSolutionNode = FALSE
	EndGlobalSection
	GlobalSection(ExtensibilityGlobals) = postSolution
		SolutionGuid = {4B9DFC48-CA71-4935-86B2-4A93F5D9EE35}
	EndGlobalSection
EndGlobal
